// !$*UTF8*$!
{
	archiveVersion = 1;
	classes = {
	};
	objectVersion = 45;
	objects = {

/* Begin PBXBuildFile section */
		1DDD58160DA1D0A300B32029 /* MainMenu.xib in Resources */ = {isa = PBXBuildFile; fileRef = 1DDD58140DA1D0A300B32029 /* MainMenu.xib */; };
		256AC3DA0F4B6AC300CF3369 /* TukLoadAppDelegate.m in Sources */ = {isa = PBXBuildFile; fileRef = 256AC3D90F4B6AC300CF3369 /* TukLoadAppDelegate.m */; };
		8D11072B0486CEB800E47090 /* InfoPlist.strings in Resources */ = {isa = PBXBuildFile; fileRef = 089C165CFE840E0CC02AAC07 /* InfoPlist.strings */; };
		8D11072D0486CEB800E47090 /* main.m in Sources */ = {isa = PBXBuildFile; fileRef = 29B97316FDCFA39411CA2CEA /* main.m */; settings = {ATTRIBUTES = (); }; };
		8D11072F0486CEB800E47090 /* Cocoa.framework in Frameworks */ = {isa = PBXBuildFile; fileRef = 1058C7A1FEA54F0111CA2CBB /* Cocoa.framework */; };
		FA4FD6EC125F4CAF00BFEAFE /* Defaults.plist in Resources */ = {isa = PBXBuildFile; fileRef = FA4FD6EB125F4CAF00BFEAFE /* Defaults.plist */; };
		FA611E811274253600C8B458 /* BBATukuiConfig.m in Sources */ = {isa = PBXBuildFile; fileRef = FA611E801274253600C8B458 /* BBATukuiConfig.m */; };
		FA73A1A21273024E002A8A22 /* TukLoadX.icns in Resources */ = {isa = PBXBuildFile; fileRef = FA73A1A11273024E002A8A22 /* TukLoadX.icns */; };
		FA73A1AF12730633002A8A22 /* tukui_button_settings.png in Resources */ = {isa = PBXBuildFile; fileRef = FA73A1AE12730633002A8A22 /* tukui_button_settings.png */; };
		FA73A1B112730D1B002A8A22 /* tukui_button_install.png in Resources */ = {isa = PBXBuildFile; fileRef = FA73A1B012730D1A002A8A22 /* tukui_button_install.png */; };
		FA73A1B312730D2B002A8A22 /* tukui_button_backup.png in Resources */ = {isa = PBXBuildFile; fileRef = FA73A1B212730D2B002A8A22 /* tukui_button_backup.png */; };
		FAA3EE211271E41F00A17A6D /* BBAGitRepository.m in Sources */ = {isa = PBXBuildFile; fileRef = FAA3EE201271E41F00A17A6D /* BBAGitRepository.m */; };
		FAA3EE241271F2A800A17A6D /* BBATukui.m in Sources */ = {isa = PBXBuildFile; fileRef = FAA3EE231271F2A800A17A6D /* BBATukui.m */; };
		FABB30D91270A1F700A46DC9 /* BBAGitUtils.m in Sources */ = {isa = PBXBuildFile; fileRef = FABB30D81270A1F700A46DC9 /* BBAGitUtils.m */; };
		FAC06F34126CA5E500E16C6E /* BBAWoWAddOnInstaller.m in Sources */ = {isa = PBXBuildFile; fileRef = FAC06F33126CA5E500E16C6E /* BBAWoWAddOnInstaller.m */; };
		FAEFC25A1255D4D700D9FB27 /* AppController.m in Sources */ = {isa = PBXBuildFile; fileRef = FAEFC2591255D4D700D9FB27 /* AppController.m */; };
/* End PBXBuildFile section */

/* Begin PBXFileReference section */
		089C165DFE840E0CC02AAC07 /* English */ = {isa = PBXFileReference; fileEncoding = 4; lastKnownFileType = text.plist.strings; name = English; path = English.lproj/InfoPlist.strings; sourceTree = "<group>"; };
		1058C7A1FEA54F0111CA2CBB /* Cocoa.framework */ = {isa = PBXFileReference; lastKnownFileType = wrapper.framework; name = Cocoa.framework; path = /System/Library/Frameworks/Cocoa.framework; sourceTree = "<absolute>"; };
		13E42FB307B3F0F600E4EEF1 /* CoreData.framework */ = {isa = PBXFileReference; lastKnownFileType = wrapper.framework; name = CoreData.framework; path = /System/Library/Frameworks/CoreData.framework; sourceTree = "<absolute>"; };
		1DDD58150DA1D0A300B32029 /* English */ = {isa = PBXFileReference; lastKnownFileType = file.xib; name = English; path = English.lproj/MainMenu.xib; sourceTree = "<group>"; };
		256AC3D80F4B6AC300CF3369 /* TukLoadAppDelegate.h */ = {isa = PBXFileReference; fileEncoding = 4; lastKnownFileType = sourcecode.c.h; path = TukLoadAppDelegate.h; sourceTree = "<group>"; };
		256AC3D90F4B6AC300CF3369 /* TukLoadAppDelegate.m */ = {isa = PBXFileReference; fileEncoding = 4; lastKnownFileType = sourcecode.c.objc; path = TukLoadAppDelegate.m; sourceTree = "<group>"; };
		256AC3F00F4B6AF500CF3369 /* TukLoad_Prefix.pch */ = {isa = PBXFileReference; fileEncoding = 4; lastKnownFileType = sourcecode.c.h; path = TukLoad_Prefix.pch; sourceTree = "<group>"; };
		29B97316FDCFA39411CA2CEA /* main.m */ = {isa = PBXFileReference; fileEncoding = 4; lastKnownFileType = sourcecode.c.objc; path = main.m; sourceTree = "<group>"; };
		29B97324FDCFA39411CA2CEA /* AppKit.framework */ = {isa = PBXFileReference; lastKnownFileType = wrapper.framework; name = AppKit.framework; path = /System/Library/Frameworks/AppKit.framework; sourceTree = "<absolute>"; };
		29B97325FDCFA39411CA2CEA /* Foundation.framework */ = {isa = PBXFileReference; lastKnownFileType = wrapper.framework; name = Foundation.framework; path = /System/Library/Frameworks/Foundation.framework; sourceTree = "<absolute>"; };
		8D1107310486CEB800E47090 /* TukLoad-Info.plist */ = {isa = PBXFileReference; fileEncoding = 4; lastKnownFileType = text.plist.xml; path = "TukLoad-Info.plist"; sourceTree = "<group>"; };
		8D1107320486CEB800E47090 /* TukLoad.app */ = {isa = PBXFileReference; explicitFileType = wrapper.application; includeInIndex = 0; path = TukLoad.app; sourceTree = BUILT_PRODUCTS_DIR; };
		FA4FD6EB125F4CAF00BFEAFE /* Defaults.plist */ = {isa = PBXFileReference; fileEncoding = 4; lastKnownFileType = text.plist.xml; path = Defaults.plist; sourceTree = "<group>"; };
		FA611E7F1274253600C8B458 /* BBATukuiConfig.h */ = {isa = PBXFileReference; fileEncoding = 4; lastKnownFileType = sourcecode.c.h; path = BBATukuiConfig.h; sourceTree = "<group>"; };
		FA611E801274253600C8B458 /* BBATukuiConfig.m */ = {isa = PBXFileReference; fileEncoding = 4; lastKnownFileType = sourcecode.c.objc; path = BBATukuiConfig.m; sourceTree = "<group>"; };
		FA73A1A11273024E002A8A22 /* TukLoadX.icns */ = {isa = PBXFileReference; lastKnownFileType = image.icns; path = TukLoadX.icns; sourceTree = "<group>"; };
		FA73A1AE12730633002A8A22 /* tukui_button_settings.png */ = {isa = PBXFileReference; lastKnownFileType = image.png; path = tukui_button_settings.png; sourceTree = "<group>"; };
		FA73A1B012730D1A002A8A22 /* tukui_button_install.png */ = {isa = PBXFileReference; lastKnownFileType = image.png; path = tukui_button_install.png; sourceTree = "<group>"; };
		FA73A1B212730D2B002A8A22 /* tukui_button_backup.png */ = {isa = PBXFileReference; lastKnownFileType = image.png; path = tukui_button_backup.png; sourceTree = "<group>"; };
		FAA3EE1F1271E41F00A17A6D /* BBAGitRepository.h */ = {isa = PBXFileReference; fileEncoding = 4; lastKnownFileType = sourcecode.c.h; path = BBAGitRepository.h; sourceTree = "<group>"; };
		FAA3EE201271E41F00A17A6D /* BBAGitRepository.m */ = {isa = PBXFileReference; fileEncoding = 4; lastKnownFileType = sourcecode.c.objc; path = BBAGitRepository.m; sourceTree = "<group>"; };
		FAA3EE221271F2A800A17A6D /* BBATukui.h */ = {isa = PBXFileReference; fileEncoding = 4; lastKnownFileType = sourcecode.c.h; path = BBATukui.h; sourceTree = "<group>"; };
		FAA3EE231271F2A800A17A6D /* BBATukui.m */ = {isa = PBXFileReference; fileEncoding = 4; lastKnownFileType = sourcecode.c.objc; path = BBATukui.m; sourceTree = "<group>"; };
		FABB30D71270A1F700A46DC9 /* BBAGitUtils.h */ = {isa = PBXFileReference; fileEncoding = 4; lastKnownFileType = sourcecode.c.h; path = BBAGitUtils.h; sourceTree = "<group>"; };
		FABB30D81270A1F700A46DC9 /* BBAGitUtils.m */ = {isa = PBXFileReference; fileEncoding = 4; lastKnownFileType = sourcecode.c.objc; path = BBAGitUtils.m; sourceTree = "<group>"; };
		FAC06F32126CA5E500E16C6E /* BBAWoWAddOnInstaller.h */ = {isa = PBXFileReference; fileEncoding = 4; lastKnownFileType = sourcecode.c.h; path = BBAWoWAddOnInstaller.h; sourceTree = "<group>"; };
		FAC06F33126CA5E500E16C6E /* BBAWoWAddOnInstaller.m */ = {isa = PBXFileReference; fileEncoding = 4; lastKnownFileType = sourcecode.c.objc; path = BBAWoWAddOnInstaller.m; sourceTree = "<group>"; };
		FAEFC2581255D4D700D9FB27 /* AppController.h */ = {isa = PBXFileReference; fileEncoding = 4; lastKnownFileType = sourcecode.c.h; path = AppController.h; sourceTree = "<group>"; };
		FAEFC2591255D4D700D9FB27 /* AppController.m */ = {isa = PBXFileReference; fileEncoding = 4; lastKnownFileType = sourcecode.c.objc; path = AppController.m; sourceTree = "<group>"; };
/* End PBXFileReference section */

/* Begin PBXFrameworksBuildPhase section */
		8D11072E0486CEB800E47090 /* Frameworks */ = {
			isa = PBXFrameworksBuildPhase;
			buildActionMask = 2147483647;
			files = (
				8D11072F0486CEB800E47090 /* Cocoa.framework in Frameworks */,
			);
			runOnlyForDeploymentPostprocessing = 0;
		};
/* End PBXFrameworksBuildPhase section */

/* Begin PBXGroup section */
		080E96DDFE201D6D7F000001 /* Classes */ = {
			isa = PBXGroup;
			children = (
				FAC06F31126CA5B700E16C6E /* Utils */,
				256AC3D80F4B6AC300CF3369 /* TukLoadAppDelegate.h */,
				256AC3D90F4B6AC300CF3369 /* TukLoadAppDelegate.m */,
				FAEFC2581255D4D700D9FB27 /* AppController.h */,
				FAEFC2591255D4D700D9FB27 /* AppController.m */,
			);
			name = Classes;
			sourceTree = "<group>";
		};
		1058C7A0FEA54F0111CA2CBB /* Linked Frameworks */ = {
			isa = PBXGroup;
			children = (
				1058C7A1FEA54F0111CA2CBB /* Cocoa.framework */,
			);
			name = "Linked Frameworks";
			sourceTree = "<group>";
		};
		1058C7A2FEA54F0111CA2CBB /* Other Frameworks */ = {
			isa = PBXGroup;
			children = (
				29B97324FDCFA39411CA2CEA /* AppKit.framework */,
				13E42FB307B3F0F600E4EEF1 /* CoreData.framework */,
				29B97325FDCFA39411CA2CEA /* Foundation.framework */,
			);
			name = "Other Frameworks";
			sourceTree = "<group>";
		};
		19C28FACFE9D520D11CA2CBB /* Products */ = {
			isa = PBXGroup;
			children = (
				8D1107320486CEB800E47090 /* TukLoad.app */,
			);
			name = Products;
			sourceTree = "<group>";
		};
		29B97314FDCFA39411CA2CEA /* TukLoad */ = {
			isa = PBXGroup;
			children = (
				080E96DDFE201D6D7F000001 /* Classes */,
				29B97315FDCFA39411CA2CEA /* Other Sources */,
				29B97317FDCFA39411CA2CEA /* Resources */,
				29B97323FDCFA39411CA2CEA /* Frameworks */,
				19C28FACFE9D520D11CA2CBB /* Products */,
			);
			name = TukLoad;
			sourceTree = "<group>";
		};
		29B97315FDCFA39411CA2CEA /* Other Sources */ = {
			isa = PBXGroup;
			children = (
				256AC3F00F4B6AF500CF3369 /* TukLoad_Prefix.pch */,
				29B97316FDCFA39411CA2CEA /* main.m */,
			);
			name = "Other Sources";
			sourceTree = "<group>";
		};
		29B97317FDCFA39411CA2CEA /* Resources */ = {
			isa = PBXGroup;
			children = (
				FA4FD69D125F2C9000BFEAFE /* Images */,
				8D1107310486CEB800E47090 /* TukLoad-Info.plist */,
				089C165CFE840E0CC02AAC07 /* InfoPlist.strings */,
				1DDD58140DA1D0A300B32029 /* MainMenu.xib */,
				FA4FD6EB125F4CAF00BFEAFE /* Defaults.plist */,
			);
			name = Resources;
			sourceTree = "<group>";
		};
		29B97323FDCFA39411CA2CEA /* Frameworks */ = {
			isa = PBXGroup;
			children = (
				1058C7A0FEA54F0111CA2CBB /* Linked Frameworks */,
				1058C7A2FEA54F0111CA2CBB /* Other Frameworks */,
			);
			name = Frameworks;
			sourceTree = "<group>";
		};
		FA4FD69D125F2C9000BFEAFE /* Images */ = {
			isa = PBXGroup;
			children = (
				FA73A1B212730D2B002A8A22 /* tukui_button_backup.png */,
				FA73A1B012730D1A002A8A22 /* tukui_button_install.png */,
				FA73A1AE12730633002A8A22 /* tukui_button_settings.png */,
				FA73A1A11273024E002A8A22 /* TukLoadX.icns */,
			);
			name = Images;
			sourceTree = "<group>";
		};
		FA739F301272CD4B002A8A22 /* AddOns */ = {
			isa = PBXGroup;
			children = (
				FAA3EE221271F2A800A17A6D /* BBATukui.h */,
				FAA3EE231271F2A800A17A6D /* BBATukui.m */,
				FA611E7F1274253600C8B458 /* BBATukuiConfig.h */,
				FA611E801274253600C8B458 /* BBATukuiConfig.m */,
			);
			name = AddOns;
			sourceTree = "<group>";
		};
		FAC06F31126CA5B700E16C6E /* Utils */ = {
			isa = PBXGroup;
			children = (
				FA739F301272CD4B002A8A22 /* AddOns */,
				FAC06F32126CA5E500E16C6E /* BBAWoWAddOnInstaller.h */,
				FAC06F33126CA5E500E16C6E /* BBAWoWAddOnInstaller.m */,
				FABB30D71270A1F700A46DC9 /* BBAGitUtils.h */,
				FABB30D81270A1F700A46DC9 /* BBAGitUtils.m */,
				FAA3EE1F1271E41F00A17A6D /* BBAGitRepository.h */,
				FAA3EE201271E41F00A17A6D /* BBAGitRepository.m */,
			);
			name = Utils;
			sourceTree = "<group>";
		};
/* End PBXGroup section */

/* Begin PBXNativeTarget section */
		8D1107260486CEB800E47090 /* TukLoadX */ = {
			isa = PBXNativeTarget;
			buildConfigurationList = C01FCF4A08A954540054247B /* Build configuration list for PBXNativeTarget "TukLoadX" */;
			buildPhases = (
				8D1107290486CEB800E47090 /* Resources */,
				8D11072C0486CEB800E47090 /* Sources */,
				8D11072E0486CEB800E47090 /* Frameworks */,
			);
			buildRules = (
			);
			dependencies = (
			);
			name = TukLoadX;
			productInstallPath = "$(HOME)/Applications";
			productName = TukLoad;
			productReference = 8D1107320486CEB800E47090 /* TukLoad.app */;
			productType = "com.apple.product-type.application";
		};
/* End PBXNativeTarget section */

/* Begin PBXProject section */
		29B97313FDCFA39411CA2CEA /* Project object */ = {
			isa = PBXProject;
			buildConfigurationList = C01FCF4E08A954540054247B /* Build configuration list for PBXProject "TukLoad" */;
			compatibilityVersion = "Xcode 3.1";
			hasScannedForEncodings = 1;
			mainGroup = 29B97314FDCFA39411CA2CEA /* TukLoad */;
			projectDirPath = "";
			projectRoot = "";
			targets = (
				8D1107260486CEB800E47090 /* TukLoadX */,
			);
		};
/* End PBXProject section */

/* Begin PBXResourcesBuildPhase section */
		8D1107290486CEB800E47090 /* Resources */ = {
			isa = PBXResourcesBuildPhase;
			buildActionMask = 2147483647;
			files = (
				8D11072B0486CEB800E47090 /* InfoPlist.strings in Resources */,
				1DDD58160DA1D0A300B32029 /* MainMenu.xib in Resources */,
				FA4FD6EC125F4CAF00BFEAFE /* Defaults.plist in Resources */,
				FA73A1A21273024E002A8A22 /* TukLoadX.icns in Resources */,
				FA73A1AF12730633002A8A22 /* tukui_button_settings.png in Resources */,
				FA73A1B112730D1B002A8A22 /* tukui_button_install.png in Resources */,
				FA73A1B312730D2B002A8A22 /* tukui_button_backup.png in Resources */,
			);
			runOnlyForDeploymentPostprocessing = 0;
		};
/* End PBXResourcesBuildPhase section */

/* Begin PBXSourcesBuildPhase section */
		8D11072C0486CEB800E47090 /* Sources */ = {
			isa = PBXSourcesBuildPhase;
			buildActionMask = 2147483647;
			files = (
				8D11072D0486CEB800E47090 /* main.m in Sources */,
				256AC3DA0F4B6AC300CF3369 /* TukLoadAppDelegate.m in Sources */,
				FAEFC25A1255D4D700D9FB27 /* AppController.m in Sources */,
				FAC06F34126CA5E500E16C6E /* BBAWoWAddOnInstaller.m in Sources */,
				FABB30D91270A1F700A46DC9 /* BBAGitUtils.m in Sources */,
				FAA3EE211271E41F00A17A6D /* BBAGitRepository.m in Sources */,
				FAA3EE241271F2A800A17A6D /* BBATukui.m in Sources */,
				FA611E811274253600C8B458 /* BBATukuiConfig.m in Sources */,
			);
			runOnlyForDeploymentPostprocessing = 0;
		};
/* End PBXSourcesBuildPhase section */

/* Begin PBXVariantGroup section */
		089C165CFE840E0CC02AAC07 /* InfoPlist.strings */ = {
			isa = PBXVariantGroup;
			children = (
				089C165DFE840E0CC02AAC07 /* English */,
			);
			name = InfoPlist.strings;
			sourceTree = "<group>";
		};
		1DDD58140DA1D0A300B32029 /* MainMenu.xib */ = {
			isa = PBXVariantGroup;
			children = (
				1DDD58150DA1D0A300B32029 /* English */,
			);
			name = MainMenu.xib;
			sourceTree = "<group>";
		};
/* End PBXVariantGroup section */

/* Begin XCBuildConfiguration section */
		C01FCF4B08A954540054247B /* Debug */ = {
			isa = XCBuildConfiguration;
			buildSettings = {
				ALWAYS_SEARCH_USER_PATHS = NO;
				COPY_PHASE_STRIP = NO;
				FRAMEWORK_SEARCH_PATHS = (
					"$(inherited)",
					"\"$(DEVELOPER_FRAMEWORKS_DIR)\"",
				);
				GCC_DYNAMIC_NO_PIC = NO;
				GCC_ENABLE_FIX_AND_CONTINUE = YES;
				GCC_MODEL_TUNING = G5;
				GCC_OPTIMIZATION_LEVEL = 0;
				GCC_PRECOMPILE_PREFIX_HEADER = YES;
				GCC_PREFIX_HEADER = TukLoad_Prefix.pch;
				INFOPLIST_FILE = "TukLoad-Info.plist";
				INSTALL_PATH = "$(HOME)/Applications";
				PRODUCT_NAME = TukLoad;
			};
			name = Debug;
		};
		C01FCF4C08A954540054247B /* Release */ = {
			isa = XCBuildConfiguration;
			buildSettings = {
				ALWAYS_SEARCH_USER_PATHS = NO;
				DEBUG_INFORMATION_FORMAT = "dwarf-with-dsym";
				FRAMEWORK_SEARCH_PATHS = (
					"$(inherited)",
					"\"$(DEVELOPER_FRAMEWORKS_DIR)\"",
				);
				GCC_MODEL_TUNING = G5;
				GCC_PRECOMPILE_PREFIX_HEADER = YES;
				GCC_PREFIX_HEADER = TukLoad_Prefix.pch;
				INFOPLIST_FILE = "TukLoad-Info.plist";
				INSTALL_PATH = "$(HOME)/Applications";
				PRODUCT_NAME = TukLoad;
			};
			name = Release;
		};
		C01FCF4F08A954540054247B /* Debug */ = {
			isa = XCBuildConfiguration;
			buildSettings = {
				ARCHS = "$(ARCHS_STANDARD_32_64_BIT)";
				GCC_C_LANGUAGE_STANDARD = gnu99;
				GCC_OPTIMIZATION_LEVEL = 0;
				GCC_WARN_ABOUT_RETURN_TYPE = YES;
				GCC_WARN_UNUSED_VARIABLE = YES;
				ONLY_ACTIVE_ARCH = YES;
				PREBINDING = NO;
				SDKROOT = macosx10.6;
			};
			name = Debug;
		};
		C01FCF5008A954540054247B /* Release */ = {
			isa = XCBuildConfiguration;
			buildSettings = {
				ARCHS = "$(ARCHS_STANDARD_32_64_BIT)";
				GCC_C_LANGUAGE_STANDARD = gnu99;
				GCC_WARN_ABOUT_RETURN_TYPE = YES;
				GCC_WARN_UNUSED_VARIABLE = YES;
				PREBINDING = NO;
				SDKROOT = macosx10.6;
			};
			name = Release;
		};
/* End XCBuildConfiguration section */

/* Begin XCConfigurationList section */
		C01FCF4A08A954540054247B /* Build configuration list for PBXNativeTarget "TukLoadX" */ = {
			isa = XCConfigurationList;
			buildConfigurations = (
				C01FCF4B08A954540054247B /* Debug */,
				C01FCF4C08A954540054247B /* Release */,
			);
			defaultConfigurationIsVisible = 0;
			defaultConfigurationName = Release;
		};
		C01FCF4E08A954540054247B /* Build configuration list for PBXProject "TukLoad" */ = {
			isa = XCConfigurationList;
			buildConfigurations = (
				C01FCF4F08A954540054247B /* Debug */,
				C01FCF5008A954540054247B /* Release */,
			);
			defaultConfigurationIsVisible = 0;
			defaultConfigurationName = Release;
		};
/* End XCConfigurationList section */
	};
	rootObject = 29B97313FDCFA39411CA2CEA /* Project object */;
}
